
Microsoft Visual Studio Solution File, Format Version 12.00
# Visual Studio Version 17
VisualStudioVersion = 17.0.32014.148
MinimumVisualStudioVersion = 10.0.40219.1
Project("{8BC9CEB8-8B4A-11D0-8D11-00A0C91BC942}") = "client", "client\client.vcxproj", "{6E60FA4F-491B-4442-9609-5F387D47B8BB}"
EndProject
Global
	GlobalSection(SolutionConfigurationPlatforms) = preSolution
		Debug|x64 = Debug|x64
		Debug|x86 = Debug|x86
		Release|x64 = Release|x64
		Release|x86 = Release|x86
	EndGlobalSection
	GlobalSection(ProjectConfigurationPlatforms) = postSolution
		{6E60FA4F-491B-4442-9609-5F387D47B8BB}.Debug|x64.ActiveCfg = Debug|x64
		{6E60FA4F-491B-4442-9609-5F387D47B8BB}.Debug|x64.Build.0 = Debug|x64
		{6E60FA4F-491B-4442-9609-5F387D47B8BB}.Debug|x86.ActiveCfg = Debug|Win32
		{6E60FA4F-491B-4442-9609-5F387D47B8BB}.Debug|x86.Build.0 = Debug|Win32
		{6E60FA4F-491B-4442-9609-5F387D47B8BB}.Release|x64.ActiveCfg = Release|x64
		{6E60FA4F-491B-4442-9609-5F387D47B8BB}.Release|x64.Build.0 = Release|x64
		{6E60FA4F-491B-4442-9609-5F387D47B8BB}.Release|x86.ActiveCfg = Release|Win32
		{6E60FA4F-491B-4442-9609-5F387D47B8BB}.Release|x86.Build.0 = Release|Win32
	EndGlobalSection
	GlobalSection(SolutionProperties) = preSolution
		HideSolutionNode = FALSE
	EndGlobalSection
	GlobalSection(ExtensibilityGlobals) = postSolution
		SolutionGuid = {994A51B4-3CF8-4698-A053-7028AA779D08}
	EndGlobalSection
EndGlobal
